// !$*UTF8*$!
{
	archiveVersion = 1;
	classes = {
	};
	objectVersion = 48;
	objects = {

/* Begin PBXBuildFile section */
		3CFF251D204477C7003D542A /* AppDelegate.swift in Sources */ = {isa = PBXBuildFile; fileRef = 3CFF251C204477C7003D542A /* AppDelegate.swift */; };
		3CFF251F204477C7003D542A /* ViewController.swift in Sources */ = {isa = PBXBuildFile; fileRef = 3CFF251E204477C7003D542A /* ViewController.swift */; };
		3CFF2522204477C8003D542A /* Main.storyboard in Resources */ = {isa = PBXBuildFile; fileRef = 3CFF2520204477C8003D542A /* Main.storyboard */; };
		3CFF2524204477C8003D542A /* Assets.xcassets in Resources */ = {isa = PBXBuildFile; fileRef = 3CFF2523204477C8003D542A /* Assets.xcassets */; };
		3CFF2527204477C8003D542A /* LaunchScreen.storyboard in Resources */ = {isa = PBXBuildFile; fileRef = 3CFF2525204477C8003D542A /* LaunchScreen.storyboard */; };
		3CFF2532204477C8003D542A /* PhoneNumberRegistrationTests.swift in Sources */ = {isa = PBXBuildFile; fileRef = 3CFF2531204477C8003D542A /* PhoneNumberRegistrationTests.swift */; };
		3CFF253D204477C8003D542A /* PhoneNumberRegistrationUITests.swift in Sources */ = {isa = PBXBuildFile; fileRef = 3CFF253C204477C8003D542A /* PhoneNumberRegistrationUITests.swift */; };
/* End PBXBuildFile section */

/* Begin PBXContainerItemProxy section */
		3CFF252E204477C8003D542A /* PBXContainerItemProxy */ = {
			isa = PBXContainerItemProxy;
			containerPortal = 3CFF2511204477C7003D542A /* Project object */;
			proxyType = 1;
			remoteGlobalIDString = 3CFF2518204477C7003D542A;
			remoteInfo = PhoneNumberRegistration;
		};
		3CFF2539204477C8003D542A /* PBXContainerItemProxy */ = {
			isa = PBXContainerItemProxy;
			containerPortal = 3CFF2511204477C7003D542A /* Project object */;
			proxyType = 1;
			remoteGlobalIDString = 3CFF2518204477C7003D542A;
			remoteInfo = PhoneNumberRegistration;
		};
/* End PBXContainerItemProxy section */

/* Begin PBXFileReference section */
		3CFF2519204477C7003D542A /* PhoneNumberRegistration.app */ = {isa = PBXFileReference; explicitFileType = wrapper.application; includeInIndex = 0; path = PhoneNumberRegistration.app; sourceTree = BUILT_PRODUCTS_DIR; };
		3CFF251C204477C7003D542A /* AppDelegate.swift */ = {isa = PBXFileReference; lastKnownFileType = sourcecode.swift; path = AppDelegate.swift; sourceTree = "<group>"; };
		3CFF251E204477C7003D542A /* ViewController.swift */ = {isa = PBXFileReference; lastKnownFileType = sourcecode.swift; path = ViewController.swift; sourceTree = "<group>"; };
		3CFF2521204477C8003D542A /* Base */ = {isa = PBXFileReference; lastKnownFileType = file.storyboard; name = Base; path = Base.lproj/Main.storyboard; sourceTree = "<group>"; };
		3CFF2523204477C8003D542A /* Assets.xcassets */ = {isa = PBXFileReference; lastKnownFileType = folder.assetcatalog; path = Assets.xcassets; sourceTree = "<group>"; };
		3CFF2526204477C8003D542A /* Base */ = {isa = PBXFileReference; lastKnownFileType = file.storyboard; name = Base; path = Base.lproj/LaunchScreen.storyboard; sourceTree = "<group>"; };
		3CFF2528204477C8003D542A /* Info.plist */ = {isa = PBXFileReference; lastKnownFileType = text.plist.xml; path = Info.plist; sourceTree = "<group>"; };
		3CFF252D204477C8003D542A /* PhoneNumberRegistrationTests.xctest */ = {isa = PBXFileReference; explicitFileType = wrapper.cfbundle; includeInIndex = 0; path = PhoneNumberRegistrationTests.xctest; sourceTree = BUILT_PRODUCTS_DIR; };
		3CFF2531204477C8003D542A /* PhoneNumberRegistrationTests.swift */ = {isa = PBXFileReference; lastKnownFileType = sourcecode.swift; path = PhoneNumberRegistrationTests.swift; sourceTree = "<group>"; };
		3CFF2533204477C8003D542A /* Info.plist */ = {isa = PBXFileReference; lastKnownFileType = text.plist.xml; path = Info.plist; sourceTree = "<group>"; };
		3CFF2538204477C8003D542A /* PhoneNumberRegistrationUITests.xctest */ = {isa = PBXFileReference; explicitFileType = wrapper.cfbundle; includeInIndex = 0; path = PhoneNumberRegistrationUITests.xctest; sourceTree = BUILT_PRODUCTS_DIR; };
		3CFF253C204477C8003D542A /* PhoneNumberRegistrationUITests.swift */ = {isa = PBXFileReference; lastKnownFileType = sourcecode.swift; path = PhoneNumberRegistrationUITests.swift; sourceTree = "<group>"; };
		3CFF253E204477C8003D542A /* Info.plist */ = {isa = PBXFileReference; lastKnownFileType = text.plist.xml; path = Info.plist; sourceTree = "<group>"; };
/* End PBXFileReference section */

/* Begin PBXFrameworksBuildPhase section */
		3CFF2516204477C7003D542A /* Frameworks */ = {
			isa = PBXFrameworksBuildPhase;
			buildActionMask = 2147483647;
			files = (
			);
			runOnlyForDeploymentPostprocessing = 0;
		};
		3CFF252A204477C8003D542A /* Frameworks */ = {
			isa = PBXFrameworksBuildPhase;
			buildActionMask = 2147483647;
			files = (
			);
			runOnlyForDeploymentPostprocessing = 0;
		};
		3CFF2535204477C8003D542A /* Frameworks */ = {
			isa = PBXFrameworksBuildPhase;
			buildActionMask = 2147483647;
			files = (
			);
			runOnlyForDeploymentPostprocessing = 0;
		};
/* End PBXFrameworksBuildPhase section */

/* Begin PBXGroup section */
		3CFF2510204477C7003D542A = {
			isa = PBXGroup;
			children = (
				3CFF251B204477C7003D542A /* PhoneNumberRegistration */,
				3CFF2530204477C8003D542A /* PhoneNumberRegistrationTests */,
				3CFF253B204477C8003D542A /* PhoneNumberRegistrationUITests */,
				3CFF251A204477C7003D542A /* Products */,
			);
			sourceTree = "<group>";
		};
		3CFF251A204477C7003D542A /* Products */ = {
			isa = PBXGroup;
			children = (
				3CFF2519204477C7003D542A /* PhoneNumberRegistration.app */,
				3CFF252D204477C8003D542A /* PhoneNumberRegistrationTests.xctest */,
				3CFF2538204477C8003D542A /* PhoneNumberRegistrationUITests.xctest */,
			);
			name = Products;
			sourceTree = "<group>";
		};
		3CFF251B204477C7003D542A /* PhoneNumberRegistration */ = {
			isa = PBXGroup;
			children = (
				3CFF251C204477C7003D542A /* AppDelegate.swift */,
				3CFF251E204477C7003D542A /* ViewController.swift */,
				3CFF2520204477C8003D542A /* Main.storyboard */,
				3CFF2523204477C8003D542A /* Assets.xcassets */,
				3CFF2525204477C8003D542A /* LaunchScreen.storyboard */,
				3CFF2528204477C8003D542A /* Info.plist */,
			);
			path = PhoneNumberRegistration;
			sourceTree = "<group>";
		};
		3CFF2530204477C8003D542A /* PhoneNumberRegistrationTests */ = {
			isa = PBXGroup;
			children = (
				3CFF2531204477C8003D542A /* PhoneNumberRegistrationTests.swift */,
				3CFF2533204477C8003D542A /* Info.plist */,
			);
			path = PhoneNumberRegistrationTests;
			sourceTree = "<group>";
		};
		3CFF253B204477C8003D542A /* PhoneNumberRegistrationUITests */ = {
			isa = PBXGroup;
			children = (
				3CFF253C204477C8003D542A /* PhoneNumberRegistrationUITests.swift */,
				3CFF253E204477C8003D542A /* Info.plist */,
			);
			path = PhoneNumberRegistrationUITests;
			sourceTree = "<group>";
		};
/* End PBXGroup section */

/* Begin PBXNativeTarget section */
		3CFF2518204477C7003D542A /* PhoneNumberRegistration */ = {
			isa = PBXNativeTarget;
			buildConfigurationList = 3CFF2541204477C8003D542A /* Build configuration list for PBXNativeTarget "PhoneNumberRegistration" */;
			buildPhases = (
				3CFF2515204477C7003D542A /* Sources */,
				3CFF2516204477C7003D542A /* Frameworks */,
				3CFF2517204477C7003D542A /* Resources */,
			);
			buildRules = (
			);
			dependencies = (
			);
			name = PhoneNumberRegistration;
			productName = PhoneNumberRegistration;
			productReference = 3CFF2519204477C7003D542A /* PhoneNumberRegistration.app */;
			productType = "com.apple.product-type.application";
		};
		3CFF252C204477C8003D542A /* PhoneNumberRegistrationTests */ = {
			isa = PBXNativeTarget;
			buildConfigurationList = 3CFF2544204477C8003D542A /* Build configuration list for PBXNativeTarget "PhoneNumberRegistrationTests" */;
			buildPhases = (
				3CFF2529204477C8003D542A /* Sources */,
				3CFF252A204477C8003D542A /* Frameworks */,
				3CFF252B204477C8003D542A /* Resources */,
			);
			buildRules = (
			);
			dependencies = (
				3CFF252F204477C8003D542A /* PBXTargetDependency */,
			);
			name = PhoneNumberRegistrationTests;
			productName = PhoneNumberRegistrationTests;
			productReference = 3CFF252D204477C8003D542A /* PhoneNumberRegistrationTests.xctest */;
			productType = "com.apple.product-type.bundle.unit-test";
		};
		3CFF2537204477C8003D542A /* PhoneNumberRegistrationUITests */ = {
			isa = PBXNativeTarget;
			buildConfigurationList = 3CFF2547204477C8003D542A /* Build configuration list for PBXNativeTarget "PhoneNumberRegistrationUITests" */;
			buildPhases = (
				3CFF2534204477C8003D542A /* Sources */,
				3CFF2535204477C8003D542A /* Frameworks */,
				3CFF2536204477C8003D542A /* Resources */,
			);
			buildRules = (
			);
			dependencies = (
				3CFF253A204477C8003D542A /* PBXTargetDependency */,
			);
			name = PhoneNumberRegistrationUITests;
			productName = PhoneNumberRegistrationUITests;
			productReference = 3CFF2538204477C8003D542A /* PhoneNumberRegistrationUITests.xctest */;
			productType = "com.apple.product-type.bundle.ui-testing";
		};
/* End PBXNativeTarget section */

/* Begin PBXProject section */
		3CFF2511204477C7003D542A /* Project object */ = {
			isa = PBXProject;
			attributes = {
				LastSwiftUpdateCheck = 0920;
				LastUpgradeCheck = 0920;
				ORGANIZATIONNAME = "Surya Khattri";
				TargetAttributes = {
					3CFF2518204477C7003D542A = {
						CreatedOnToolsVersion = 9.2;
						ProvisioningStyle = Automatic;
					};
					3CFF252C204477C8003D542A = {
						CreatedOnToolsVersion = 9.2;
						ProvisioningStyle = Automatic;
						TestTargetID = 3CFF2518204477C7003D542A;
					};
					3CFF2537204477C8003D542A = {
						CreatedOnToolsVersion = 9.2;
						ProvisioningStyle = Automatic;
						TestTargetID = 3CFF2518204477C7003D542A;
					};
				};
			};
			buildConfigurationList = 3CFF2514204477C7003D542A /* Build configuration list for PBXProject "PhoneNumberRegistration" */;
			compatibilityVersion = "Xcode 8.0";
			developmentRegion = en;
			hasScannedForEncodings = 0;
			knownRegions = (
				en,
				Base,
			);
			mainGroup = 3CFF2510204477C7003D542A;
			productRefGroup = 3CFF251A204477C7003D542A /* Products */;
			projectDirPath = "";
			projectRoot = "";
			targets = (
				3CFF2518204477C7003D542A /* PhoneNumberRegistration */,
				3CFF252C204477C8003D542A /* PhoneNumberRegistrationTests */,
				3CFF2537204477C8003D542A /* PhoneNumberRegistrationUITests */,
			);
		};
/* End PBXProject section */

/* Begin PBXResourcesBuildPhase section */
		3CFF2517204477C7003D542A /* Resources */ = {
			isa = PBXResourcesBuildPhase;
			buildActionMask = 2147483647;
			files = (
				3CFF2527204477C8003D542A /* LaunchScreen.storyboard in Resources */,
				3CFF2524204477C8003D542A /* Assets.xcassets in Resources */,
				3CFF2522204477C8003D542A /* Main.storyboard in Resources */,
			);
			runOnlyForDeploymentPostprocessing = 0;
		};
		3CFF252B204477C8003D542A /* Resources */ = {
			isa = PBXResourcesBuildPhase;
			buildActionMask = 2147483647;
			files = (
			);
			runOnlyForDeploymentPostprocessing = 0;
		};
		3CFF2536204477C8003D542A /* Resources */ = {
			isa = PBXResourcesBuildPhase;
			buildActionMask = 2147483647;
			files = (
			);
			runOnlyForDeploymentPostprocessing = 0;
		};
/* End PBXResourcesBuildPhase section */

/* Begin PBXSourcesBuildPhase section */
		3CFF2515204477C7003D542A /* Sources */ = {
			isa = PBXSourcesBuildPhase;
			buildActionMask = 2147483647;
			files = (
				3CFF251F204477C7003D542A /* ViewController.swift in Sources */,
				3CFF251D204477C7003D542A /* AppDelegate.swift in Sources */,
			);
			runOnlyForDeploymentPostprocessing = 0;
		};
		3CFF2529204477C8003D542A /* Sources */ = {
			isa = PBXSourcesBuildPhase;
			buildActionMask = 2147483647;
			files = (
				3CFF2532204477C8003D542A /* PhoneNumberRegistrationTests.swift in Sources */,
			);
			runOnlyForDeploymentPostprocessing = 0;
		};
		3CFF2534204477C8003D542A /* Sources */ = {
			isa = PBXSourcesBuildPhase;
			buildActionMask = 2147483647;
			files = (
				3CFF253D204477C8003D542A /* PhoneNumberRegistrationUITests.swift in Sources */,
			);
			runOnlyForDeploymentPostprocessing = 0;
		};
/* End PBXSourcesBuildPhase section */

/* Begin PBXTargetDependency section */
		3CFF252F204477C8003D542A /* PBXTargetDependency */ = {
			isa = PBXTargetDependency;
			target = 3CFF2518204477C7003D542A /* PhoneNumberRegistration */;
			targetProxy = 3CFF252E204477C8003D542A /* PBXContainerItemProxy */;
		};
		3CFF253A204477C8003D542A /* PBXTargetDependency */ = {
			isa = PBXTargetDependency;
			target = 3CFF2518204477C7003D542A /* PhoneNumberRegistration */;
			targetProxy = 3CFF2539204477C8003D542A /* PBXContainerItemProxy */;
		};
/* End PBXTargetDependency section */

/* Begin PBXVariantGroup section */
		3CFF2520204477C8003D542A /* Main.storyboard */ = {
			isa = PBXVariantGroup;
			children = (
				3CFF2521204477C8003D542A /* Base */,
			);
			name = Main.storyboard;
			sourceTree = "<group>";
		};
		3CFF2525204477C8003D542A /* LaunchScreen.storyboard */ = {
			isa = PBXVariantGroup;
			children = (
				3CFF2526204477C8003D542A /* Base */,
			);
			name = LaunchScreen.storyboard;
			sourceTree = "<group>";
		};
/* End PBXVariantGroup section */

/* Begin XCBuildConfiguration section */
		3CFF253F204477C8003D542A /* Debug */ = {
			isa = XCBuildConfiguration;
			buildSettings = {
				ALWAYS_SEARCH_USER_PATHS = NO;
				CLANG_ANALYZER_NONNULL = YES;
				CLANG_ANALYZER_NUMBER_OBJECT_CONVERSION = YES_AGGRESSIVE;
				CLANG_CXX_LANGUAGE_STANDARD = "gnu++14";
				CLANG_CXX_LIBRARY = "libc++";
				CLANG_ENABLE_MODULES = YES;
				CLANG_ENABLE_OBJC_ARC = YES;
				CLANG_WARN_BLOCK_CAPTURE_AUTORELEASING = YES;
				CLANG_WARN_BOOL_CONVERSION = YES;
				CLANG_WARN_COMMA = YES;
				CLANG_WARN_CONSTANT_CONVERSION = YES;
				CLANG_WARN_DIRECT_OBJC_ISA_USAGE = YES_ERROR;
				CLANG_WARN_DOCUMENTATION_COMMENTS = YES;
				CLANG_WARN_EMPTY_BODY = YES;
				CLANG_WARN_ENUM_CONVERSION = YES;
				CLANG_WARN_INFINITE_RECURSION = YES;
				CLANG_WARN_INT_CONVERSION = YES;
				CLANG_WARN_NON_LITERAL_NULL_CONVERSION = YES;
				CLANG_WARN_OBJC_LITERAL_CONVERSION = YES;
				CLANG_WARN_OBJC_ROOT_CLASS = YES_ERROR;
				CLANG_WARN_RANGE_LOOP_ANALYSIS = YES;
				CLANG_WARN_STRICT_PROTOTYPES = YES;
				CLANG_WARN_SUSPICIOUS_MOVE = YES;
				CLANG_WARN_UNGUARDED_AVAILABILITY = YES_AGGRESSIVE;
				CLANG_WARN_UNREACHABLE_CODE = YES;
				CLANG_WARN__DUPLICATE_METHOD_MATCH = YES;
				CODE_SIGN_IDENTITY = "iPhone Developer";
				COPY_PHASE_STRIP = NO;
				DEBUG_INFORMATION_FORMAT = dwarf;
				ENABLE_STRICT_OBJC_MSGSEND = YES;
				ENABLE_TESTABILITY = YES;
				GCC_C_LANGUAGE_STANDARD = gnu11;
				GCC_DYNAMIC_NO_PIC = NO;
				GCC_NO_COMMON_BLOCKS = YES;
				GCC_OPTIMIZATION_LEVEL = 0;
				GCC_PREPROCESSOR_DEFINITIONS = (
					"DEBUG=1",
					"$(inherited)",
				);
				GCC_WARN_64_TO_32_BIT_CONVERSION = YES;
				GCC_WARN_ABOUT_RETURN_TYPE = YES_ERROR;
				GCC_WARN_UNDECLARED_SELECTOR = YES;
				GCC_WARN_UNINITIALIZED_AUTOS = YES_AGGRESSIVE;
				GCC_WARN_UNUSED_FUNCTION = YES;
				GCC_WARN_UNUSED_VARIABLE = YES;
				IPHONEOS_DEPLOYMENT_TARGET = 11.2;
				MTL_ENABLE_DEBUG_INFO = YES;
				ONLY_ACTIVE_ARCH = YES;
				SDKROOT = iphoneos;
				SWIFT_ACTIVE_COMPILATION_CONDITIONS = DEBUG;
				SWIFT_OPTIMIZATION_LEVEL = "-Onone";
			};
			name = Debug;
		};
		3CFF2540204477C8003D542A /* Release */ = {
			isa = XCBuildConfiguration;
			buildSettings = {
				ALWAYS_SEARCH_USER_PATHS = NO;
				CLANG_ANALYZER_NONNULL = YES;
				CLANG_ANALYZER_NUMBER_OBJECT_CONVERSION = YES_AGGRESSIVE;
				CLANG_CXX_LANGUAGE_STANDARD = "gnu++14";
				CLANG_CXX_LIBRARY = "libc++";
				CLANG_ENABLE_MODULES = YES;
				CLANG_ENABLE_OBJC_ARC = YES;
				CLANG_WARN_BLOCK_CAPTURE_AUTORELEASING = YES;
				CLANG_WARN_BOOL_CONVERSION = YES;
				CLANG_WARN_COMMA = YES;
				CLANG_WARN_CONSTANT_CONVERSION = YES;
				CLANG_WARN_DIRECT_OBJC_ISA_USAGE = YES_ERROR;
				CLANG_WARN_DOCUMENTATION_COMMENTS = YES;
				CLANG_WARN_EMPTY_BODY = YES;
				CLANG_WARN_ENUM_CONVERSION = YES;
				CLANG_WARN_INFINITE_RECURSION = YES;
				CLANG_WARN_INT_CONVERSION = YES;
				CLANG_WARN_NON_LITERAL_NULL_CONVERSION = YES;
				CLANG_WARN_OBJC_LITERAL_CONVERSION = YES;
				CLANG_WARN_OBJC_ROOT_CLASS = YES_ERROR;
				CLANG_WARN_RANGE_LOOP_ANALYSIS = YES;
				CLANG_WARN_STRICT_PROTOTYPES = YES;
				CLANG_WARN_SUSPICIOUS_MOVE = YES;
				CLANG_WARN_UNGUARDED_AVAILABILITY = YES_AGGRESSIVE;
				CLANG_WARN_UNREACHABLE_CODE = YES;
				CLANG_WARN__DUPLICATE_METHOD_MATCH = YES;
				CODE_SIGN_IDENTITY = "iPhone Developer";
				COPY_PHASE_STRIP = NO;
				DEBUG_INFORMATION_FORMAT = "dwarf-with-dsym";
				ENABLE_NS_ASSERTIONS = NO;
				ENABLE_STRICT_OBJC_MSGSEND = YES;
				GCC_C_LANGUAGE_STANDARD = gnu11;
				GCC_NO_COMMON_BLOCKS = YES;
				GCC_WARN_64_TO_32_BIT_CONVERSION = YES;
				GCC_WARN_ABOUT_RETURN_TYPE = YES_ERROR;
				GCC_WARN_UNDECLARED_SELECTOR = YES;
				GCC_WARN_UNINITIALIZED_AUTOS = YES_AGGRESSIVE;
				GCC_WARN_UNUSED_FUNCTION = YES;
				GCC_WARN_UNUSED_VARIABLE = YES;
				IPHONEOS_DEPLOYMENT_TARGET = 11.2;
				MTL_ENABLE_DEBUG_INFO = NO;
				SDKROOT = iphoneos;
				SWIFT_OPTIMIZATION_LEVEL = "-Owholemodule";
				VALIDATE_PRODUCT = YES;
			};
			name = Release;
		};
		3CFF2542204477C8003D542A /* Debug */ = {
			isa = XCBuildConfiguration;
			buildSettings = {
				ASSETCATALOG_COMPILER_APPICON_NAME = AppIcon;
				CODE_SIGN_STYLE = Automatic;
				INFOPLIST_FILE = PhoneNumberRegistration/Info.plist;
				LD_RUNPATH_SEARCH_PATHS = "$(inherited) @executable_path/Frameworks";
				PRODUCT_BUNDLE_IDENTIFIER = surya.PhoneNumberRegistration;
				PRODUCT_NAME = "$(TARGET_NAME)";
				SWIFT_VERSION = 4.0;
				TARGETED_DEVICE_FAMILY = "1,2";
			};
			name = Debug;
		};
		3CFF2543204477C8003D542A /* Release */ = {
			isa = XCBuildConfiguration;
			buildSettings = {
				ASSETCATALOG_COMPILER_APPICON_NAME = AppIcon;
				CODE_SIGN_STYLE = Automatic;
				INFOPLIST_FILE = PhoneNumberRegistration/Info.plist;
				LD_RUNPATH_SEARCH_PATHS = "$(inherited) @executable_path/Frameworks";
				PRODUCT_BUNDLE_IDENTIFIER = surya.PhoneNumberRegistration;
				PRODUCT_NAME = "$(TARGET_NAME)";
				SWIFT_VERSION = 4.0;
				TARGETED_DEVICE_FAMILY = "1,2";
			};
			name = Release;
		};
		3CFF2545204477C8003D542A /* Debug */ = {
			isa = XCBuildConfiguration;
			buildSettings = {
				ALWAYS_EMBED_SWIFT_STANDARD_LIBRARIES = YES;
				BUNDLE_LOADER = "$(TEST_HOST)";
				CODE_SIGN_STYLE = Automatic;
				INFOPLIST_FILE = PhoneNumberRegistrationTests/Info.plist;
				LD_RUNPATH_SEARCH_PATHS = "$(inherited) @executable_path/Frameworks @loader_path/Frameworks";
				PRODUCT_BUNDLE_IDENTIFIER = surya.PhoneNumberRegistrationTests;
				PRODUCT_NAME = "$(TARGET_NAME)";
				SWIFT_VERSION = 4.0;
				TARGETED_DEVICE_FAMILY = "1,2";
				TEST_HOST = "$(BUILT_PRODUCTS_DIR)/PhoneNumberRegistration.app/PhoneNumberRegistration";
			};
			name = Debug;
		};
		3CFF2546204477C8003D542A /* Release */ = {
			isa = XCBuildConfiguration;
			buildSettings = {
				ALWAYS_EMBED_SWIFT_STANDARD_LIBRARIES = YES;
				BUNDLE_LOADER = "$(TEST_HOST)";
				CODE_SIGN_STYLE = Automatic;
				INFOPLIST_FILE = PhoneNumberRegistrationTests/Info.plist;
				LD_RUNPATH_SEARCH_PATHS = "$(inherited) @executable_path/Frameworks @loader_path/Frameworks";
				PRODUCT_BUNDLE_IDENTIFIER = surya.PhoneNumberRegistrationTests;
				PRODUCT_NAME = "$(TARGET_NAME)";
				SWIFT_VERSION = 4.0;
				TARGETED_DEVICE_FAMILY = "1,2";
				TEST_HOST = "$(BUILT_PRODUCTS_DIR)/PhoneNumberRegistration.app/PhoneNumberRegistration";
			};
			name = Release;
		};
		3CFF2548204477C8003D542A /* Debug */ = {
			isa = XCBuildConfiguration;
			buildSettings = {
				ALWAYS_EMBED_SWIFT_STANDARD_LIBRARIES = YES;
				CODE_SIGN_STYLE = Automatic;
				INFOPLIST_FILE = PhoneNumberRegistrationUITests/Info.plist;
				LD_RUNPATH_SEARCH_PATHS = "$(inherited) @executable_path/Frameworks @loader_path/Frameworks";
				PRODUCT_BUNDLE_IDENTIFIER = surya.PhoneNumberRegistrationUITests;
				PRODUCT_NAME = "$(TARGET_NAME)";
				SWIFT_VERSION = 4.0;
				TARGETED_DEVICE_FAMILY = "1,2";
				TEST_TARGET_NAME = PhoneNumberRegistration;
			};
			name = Debug;
		};
		3CFF2549204477C8003D542A /* Release */ = {
			isa = XCBuildConfiguration;
			buildSettings = {
				ALWAYS_EMBED_SWIFT_STANDARD_LIBRARIES = YES;
				CODE_SIGN_STYLE = Automatic;
				INFOPLIST_FILE = PhoneNumberRegistrationUITests/Info.plist;
				LD_RUNPATH_SEARCH_PATHS = "$(inherited) @executable_path/Frameworks @loader_path/Frameworks";
				PRODUCT_BUNDLE_IDENTIFIER = surya.PhoneNumberRegistrationUITests;
				PRODUCT_NAME = "$(TARGET_NAME)";
				SWIFT_VERSION = 4.0;
				TARGETED_DEVICE_FAMILY = "1,2";
				TEST_TARGET_NAME = PhoneNumberRegistration;
			};
			name = Release;
		};
/* End XCBuildConfiguration section */

/* Begin XCConfigurationList section */
		3CFF2514204477C7003D542A /* Build configuration list for PBXProject "PhoneNumberRegistration" */ = {
			isa = XCConfigurationList;
			buildConfigurations = (
				3CFF253F204477C8003D542A /* Debug */,
				3CFF2540204477C8003D542A /* Release */,
			);
			defaultConfigurationIsVisible = 0;
			defaultConfigurationName = Release;
		};
		3CFF2541204477C8003D542A /* Build configuration list for PBXNativeTarget "PhoneNumberRegistration" */ = {
			isa = XCConfigurationList;
			buildConfigurations = (
				3CFF2542204477C8003D542A /* Debug */,
				3CFF2543204477C8003D542A /* Release */,
			);
			defaultConfigurationIsVisible = 0;
			defaultConfigurationName = Release;
		};
		3CFF2544204477C8003D542A /* Build configuration list for PBXNativeTarget "PhoneNumberRegistrationTests" */ = {
			isa = XCConfigurationList;
			buildConfigurations = (
				3CFF2545204477C8003D542A /* Debug */,
				3CFF2546204477C8003D542A /* Release */,
			);
			defaultConfigurationIsVisible = 0;
			defaultConfigurationName = Release;
		};
		3CFF2547204477C8003D542A /* Build configuration list for PBXNativeTarget "PhoneNumberRegistrationUITests" */ = {
			isa = XCConfigurationList;
			buildConfigurations = (
				3CFF2548204477C8003D542A /* Debug */,
				3CFF2549204477C8003D542A /* Release */,
			);
			defaultConfigurationIsVisible = 0;
			defaultConfigurationName = Release;
		};
/* End XCConfigurationList section */
	};
	rootObject = 3CFF2511204477C7003D542A /* Project object */;
}
